// !$*UTF8*$!
{
	archiveVersion = 1;
	classes = {
	};
	objectVersion = 56;
	objects = {

/* Begin PBXBuildFile section */
		001 /* GolfTripApp.swift in Sources */ = {isa = PBXBuildFile; fileRef = 101; };
		002 /* ContentView.swift in Sources */ = {isa = PBXBuildFile; fileRef = 102; };
		003 /* Player.swift in Sources */ = {isa = PBXBuildFile; fileRef = 103; };
		004 /* Course.swift in Sources */ = {isa = PBXBuildFile; fileRef = 104; };
		005 /* TeeSet.swift in Sources */ = {isa = PBXBuildFile; fileRef = 105; };
		006 /* Trip.swift in Sources */ = {isa = PBXBuildFile; fileRef = 106; };
		007 /* ScheduleDay.swift in Sources */ = {isa = PBXBuildFile; fileRef = 107; };
		008 /* ScheduleItem.swift in Sources */ = {isa = PBXBuildFile; fileRef = 108; };
		009 /* Team.swift in Sources */ = {isa = PBXBuildFile; fileRef = 109; };
		010 /* TeamMember.swift in Sources */ = {isa = PBXBuildFile; fileRef = 110; };
		011 /* Group.swift in Sources */ = {isa = PBXBuildFile; fileRef = 111; };
		012 /* GroupPlayer.swift in Sources */ = {isa = PBXBuildFile; fileRef = 112; };
		013 /* Format.swift in Sources */ = {isa = PBXBuildFile; fileRef = 113; };
		014 /* Scorecard.swift in Sources */ = {isa = PBXBuildFile; fileRef = 114; };
		015 /* HoleScore.swift in Sources */ = {isa = PBXBuildFile; fileRef = 115; };
		016 /* TeamScore.swift in Sources */ = {isa = PBXBuildFile; fileRef = 116; };
		017 /* HandicapCalculator.swift in Sources */ = {isa = PBXBuildFile; fileRef = 117; };
		018 /* SeedDataService.swift in Sources */ = {isa = PBXBuildFile; fileRef = 118; };
		019 /* Color+Hex.swift in Sources */ = {isa = PBXBuildFile; fileRef = 119; };
		020 /* PlayersListView.swift in Sources */ = {isa = PBXBuildFile; fileRef = 120; };
		021 /* PlayerFormView.swift in Sources */ = {isa = PBXBuildFile; fileRef = 121; };
		022 /* PlayerDetailView.swift in Sources */ = {isa = PBXBuildFile; fileRef = 122; };
		023 /* CoursesListView.swift in Sources */ = {isa = PBXBuildFile; fileRef = 123; };
		024 /* CourseFormView.swift in Sources */ = {isa = PBXBuildFile; fileRef = 124; };
		025 /* CourseDetailView.swift in Sources */ = {isa = PBXBuildFile; fileRef = 125; };
		026 /* TeeSetFormView.swift in Sources */ = {isa = PBXBuildFile; fileRef = 126; };
		027 /* TeeSetDetailView.swift in Sources */ = {isa = PBXBuildFile; fileRef = 127; };
		028 /* TripTabView.swift in Sources */ = {isa = PBXBuildFile; fileRef = 128; };
		029 /* TripFormView.swift in Sources */ = {isa = PBXBuildFile; fileRef = 129; };
		030 /* ScheduleDayDetailView.swift in Sources */ = {isa = PBXBuildFile; fileRef = 130; };
		031 /* ScheduleDayFormView.swift in Sources */ = {isa = PBXBuildFile; fileRef = 131; };
		032 /* ScheduleItemFormView.swift in Sources */ = {isa = PBXBuildFile; fileRef = 132; };
		033 /* ScheduleItemDetailView.swift in Sources */ = {isa = PBXBuildFile; fileRef = 133; };
		034 /* TeamsListView.swift in Sources */ = {isa = PBXBuildFile; fileRef = 134; };
		035 /* TeamFormView.swift in Sources */ = {isa = PBXBuildFile; fileRef = 135; };
		036 /* TeamDetailView.swift in Sources */ = {isa = PBXBuildFile; fileRef = 136; };
		037 /* ScoringTabView.swift in Sources */ = {isa = PBXBuildFile; fileRef = 137; };
		038 /* ScorecardSetupView.swift in Sources */ = {isa = PBXBuildFile; fileRef = 138; };
		039 /* ScoreEntryView.swift in Sources */ = {isa = PBXBuildFile; fileRef = 139; };
		040 /* ScorecardSummaryView.swift in Sources */ = {isa = PBXBuildFile; fileRef = 140; };
		041 /* ScorecardResultsView.swift in Sources */ = {isa = PBXBuildFile; fileRef = 141; };
		042 /* LeaderboardView.swift in Sources */ = {isa = PBXBuildFile; fileRef = 142; };
		043 /* SettingsView.swift in Sources */ = {isa = PBXBuildFile; fileRef = 143; };
		050 /* Assets.xcassets in Resources */ = {isa = PBXBuildFile; fileRef = 150; };
/* End PBXBuildFile section */

/* Begin PBXContainerItemProxy section */
		200 /* PBXContainerItemProxy */ = {
			isa = PBXContainerItemProxy;
			containerPortal = 300;
			proxyType = 1;
			remoteGlobalIDString = 400;
			remoteInfo = GolfTripApp;
		};
/* End PBXContainerItemProxy section */

/* Begin PBXFileReference section */
		101 /* GolfTripApp.swift */ = {isa = PBXFileReference; lastKnownFileType = sourcecode.swift; path = GolfTripApp.swift; sourceTree = "<group>"; };
		102 /* ContentView.swift */ = {isa = PBXFileReference; lastKnownFileType = sourcecode.swift; path = ContentView.swift; sourceTree = "<group>"; };
		103 /* Player.swift */ = {isa = PBXFileReference; lastKnownFileType = sourcecode.swift; path = Player.swift; sourceTree = "<group>"; };
		104 /* Course.swift */ = {isa = PBXFileReference; lastKnownFileType = sourcecode.swift; path = Course.swift; sourceTree = "<group>"; };
		105 /* TeeSet.swift */ = {isa = PBXFileReference; lastKnownFileType = sourcecode.swift; path = TeeSet.swift; sourceTree = "<group>"; };
		106 /* Trip.swift */ = {isa = PBXFileReference; lastKnownFileType = sourcecode.swift; path = Trip.swift; sourceTree = "<group>"; };
		107 /* ScheduleDay.swift */ = {isa = PBXFileReference; lastKnownFileType = sourcecode.swift; path = ScheduleDay.swift; sourceTree = "<group>"; };
		108 /* ScheduleItem.swift */ = {isa = PBXFileReference; lastKnownFileType = sourcecode.swift; path = ScheduleItem.swift; sourceTree = "<group>"; };
		109 /* Team.swift */ = {isa = PBXFileReference; lastKnownFileType = sourcecode.swift; path = Team.swift; sourceTree = "<group>"; };
		110 /* TeamMember.swift */ = {isa = PBXFileReference; lastKnownFileType = sourcecode.swift; path = TeamMember.swift; sourceTree = "<group>"; };
		111 /* Group.swift */ = {isa = PBXFileReference; lastKnownFileType = sourcecode.swift; path = Group.swift; sourceTree = "<group>"; };
		112 /* GroupPlayer.swift */ = {isa = PBXFileReference; lastKnownFileType = sourcecode.swift; path = GroupPlayer.swift; sourceTree = "<group>"; };
		113 /* Format.swift */ = {isa = PBXFileReference; lastKnownFileType = sourcecode.swift; path = Format.swift; sourceTree = "<group>"; };
		114 /* Scorecard.swift */ = {isa = PBXFileReference; lastKnownFileType = sourcecode.swift; path = Scorecard.swift; sourceTree = "<group>"; };
		115 /* HoleScore.swift */ = {isa = PBXFileReference; lastKnownFileType = sourcecode.swift; path = HoleScore.swift; sourceTree = "<group>"; };
		116 /* TeamScore.swift */ = {isa = PBXFileReference; lastKnownFileType = sourcecode.swift; path = TeamScore.swift; sourceTree = "<group>"; };
		117 /* HandicapCalculator.swift */ = {isa = PBXFileReference; lastKnownFileType = sourcecode.swift; path = HandicapCalculator.swift; sourceTree = "<group>"; };
		118 /* SeedDataService.swift */ = {isa = PBXFileReference; lastKnownFileType = sourcecode.swift; path = SeedDataService.swift; sourceTree = "<group>"; };
		119 /* Color+Hex.swift */ = {isa = PBXFileReference; lastKnownFileType = sourcecode.swift; path = "Color+Hex.swift"; sourceTree = "<group>"; };
		120 /* PlayersListView.swift */ = {isa = PBXFileReference; lastKnownFileType = sourcecode.swift; path = PlayersListView.swift; sourceTree = "<group>"; };
		121 /* PlayerFormView.swift */ = {isa = PBXFileReference; lastKnownFileType = sourcecode.swift; path = PlayerFormView.swift; sourceTree = "<group>"; };
		122 /* PlayerDetailView.swift */ = {isa = PBXFileReference; lastKnownFileType = sourcecode.swift; path = PlayerDetailView.swift; sourceTree = "<group>"; };
		123 /* CoursesListView.swift */ = {isa = PBXFileReference; lastKnownFileType = sourcecode.swift; path = CoursesListView.swift; sourceTree = "<group>"; };
		124 /* CourseFormView.swift */ = {isa = PBXFileReference; lastKnownFileType = sourcecode.swift; path = CourseFormView.swift; sourceTree = "<group>"; };
		125 /* CourseDetailView.swift */ = {isa = PBXFileReference; lastKnownFileType = sourcecode.swift; path = CourseDetailView.swift; sourceTree = "<group>"; };
		126 /* TeeSetFormView.swift */ = {isa = PBXFileReference; lastKnownFileType = sourcecode.swift; path = TeeSetFormView.swift; sourceTree = "<group>"; };
		127 /* TeeSetDetailView.swift */ = {isa = PBXFileReference; lastKnownFileType = sourcecode.swift; path = TeeSetDetailView.swift; sourceTree = "<group>"; };
		128 /* TripTabView.swift */ = {isa = PBXFileReference; lastKnownFileType = sourcecode.swift; path = TripTabView.swift; sourceTree = "<group>"; };
		129 /* TripFormView.swift */ = {isa = PBXFileReference; lastKnownFileType = sourcecode.swift; path = TripFormView.swift; sourceTree = "<group>"; };
		130 /* ScheduleDayDetailView.swift */ = {isa = PBXFileReference; lastKnownFileType = sourcecode.swift; path = ScheduleDayDetailView.swift; sourceTree = "<group>"; };
		131 /* ScheduleDayFormView.swift */ = {isa = PBXFileReference; lastKnownFileType = sourcecode.swift; path = ScheduleDayFormView.swift; sourceTree = "<group>"; };
		132 /* ScheduleItemFormView.swift */ = {isa = PBXFileReference; lastKnownFileType = sourcecode.swift; path = ScheduleItemFormView.swift; sourceTree = "<group>"; };
		133 /* ScheduleItemDetailView.swift */ = {isa = PBXFileReference; lastKnownFileType = sourcecode.swift; path = ScheduleItemDetailView.swift; sourceTree = "<group>"; };
		134 /* TeamsListView.swift */ = {isa = PBXFileReference; lastKnownFileType = sourcecode.swift; path = TeamsListView.swift; sourceTree = "<group>"; };
		135 /* TeamFormView.swift */ = {isa = PBXFileReference; lastKnownFileType = sourcecode.swift; path = TeamFormView.swift; sourceTree = "<group>"; };
		136 /* TeamDetailView.swift */ = {isa = PBXFileReference; lastKnownFileType = sourcecode.swift; path = TeamDetailView.swift; sourceTree = "<group>"; };
		137 /* ScoringTabView.swift */ = {isa = PBXFileReference; lastKnownFileType = sourcecode.swift; path = ScoringTabView.swift; sourceTree = "<group>"; };
		138 /* ScorecardSetupView.swift */ = {isa = PBXFileReference; lastKnownFileType = sourcecode.swift; path = ScorecardSetupView.swift; sourceTree = "<group>"; };
		139 /* ScoreEntryView.swift */ = {isa = PBXFileReference; lastKnownFileType = sourcecode.swift; path = ScoreEntryView.swift; sourceTree = "<group>"; };
		140 /* ScorecardSummaryView.swift */ = {isa = PBXFileReference; lastKnownFileType = sourcecode.swift; path = ScorecardSummaryView.swift; sourceTree = "<group>"; };
		141 /* ScorecardResultsView.swift */ = {isa = PBXFileReference; lastKnownFileType = sourcecode.swift; path = ScorecardResultsView.swift; sourceTree = "<group>"; };
		142 /* LeaderboardView.swift */ = {isa = PBXFileReference; lastKnownFileType = sourcecode.swift; path = LeaderboardView.swift; sourceTree = "<group>"; };
		143 /* SettingsView.swift */ = {isa = PBXFileReference; lastKnownFileType = sourcecode.swift; path = SettingsView.swift; sourceTree = "<group>"; };
		150 /* Assets.xcassets */ = {isa = PBXFileReference; lastKnownFileType = folder.assetcatalog; path = Assets.xcassets; sourceTree = "<group>"; };
		401 /* GolfTripApp.app */ = {isa = PBXFileReference; explicitFileType = wrapper.application; includeInIndex = 0; path = GolfTripApp.app; sourceTree = BUILT_PRODUCTS_DIR; };
		501 /* GolfTripAppTests.xctest */ = {isa = PBXFileReference; explicitFileType = wrapper.cfbundle; includeInIndex = 0; path = GolfTripAppTests.xctest; sourceTree = BUILT_PRODUCTS_DIR; };
		601 /* HandicapCalculatorTests.swift */ = {isa = PBXFileReference; lastKnownFileType = sourcecode.swift; path = HandicapCalculatorTests.swift; sourceTree = "<group>"; };
/* End PBXFileReference section */

/* Begin PBXFrameworksBuildPhase section */
		700 /* Frameworks */ = {
			isa = PBXFrameworksBuildPhase;
			buildActionMask = 2147483647;
			files = (
			);
			runOnlyForDeploymentPostprocessing = 0;
		};
		701 /* Frameworks */ = {
			isa = PBXFrameworksBuildPhase;
			buildActionMask = 2147483647;
			files = (
			);
			runOnlyForDeploymentPostprocessing = 0;
		};
/* End PBXFrameworksBuildPhase section */

/* Begin PBXGroup section */
		800 = {
			isa = PBXGroup;
			children = (
				801 /* GolfTripApp */,
				802 /* Tests */,
				803 /* Products */,
			);
			sourceTree = "<group>";
		};
		801 /* GolfTripApp */ = {
			isa = PBXGroup;
			children = (
				101 /* GolfTripApp.swift */,
				810 /* Models */,
				811 /* Views */,
				812 /* Services */,
				813 /* Extensions */,
				814 /* Resources */,
			);
			path = GolfTripApp;
			sourceTree = "<group>";
		};
		802 /* Tests */ = {
			isa = PBXGroup;
			children = (
				601 /* HandicapCalculatorTests.swift */,
			);
			path = Tests;
			sourceTree = "<group>";
		};
		803 /* Products */ = {
			isa = PBXGroup;
			children = (
				401 /* GolfTripApp.app */,
				501 /* GolfTripAppTests.xctest */,
			);
			name = Products;
			sourceTree = "<group>";
		};
		810 /* Models */ = {
			isa = PBXGroup;
			children = (
				103 /* Player.swift */,
				104 /* Course.swift */,
				105 /* TeeSet.swift */,
				106 /* Trip.swift */,
				107 /* ScheduleDay.swift */,
				108 /* ScheduleItem.swift */,
				109 /* Team.swift */,
				110 /* TeamMember.swift */,
				111 /* Group.swift */,
				112 /* GroupPlayer.swift */,
				113 /* Format.swift */,
				114 /* Scorecard.swift */,
				115 /* HoleScore.swift */,
				116 /* TeamScore.swift */,
			);
			path = Models;
			sourceTree = "<group>";
		};
		811 /* Views */ = {
			isa = PBXGroup;
			children = (
				102 /* ContentView.swift */,
				820 /* Player */,
				821 /* Course */,
				822 /* Trip */,
				823 /* Teams */,
				824 /* Scoring */,
				825 /* Settings */,
				826 /* Components */,
			);
			path = Views;
			sourceTree = "<group>";
		};
		812 /* Services */ = {
			isa = PBXGroup;
			children = (
				117 /* HandicapCalculator.swift */,
				118 /* SeedDataService.swift */,
			);
			path = Services;
			sourceTree = "<group>";
		};
		813 /* Extensions */ = {
			isa = PBXGroup;
			children = (
				119 /* Color+Hex.swift */,
			);
			path = Extensions;
			sourceTree = "<group>";
		};
		814 /* Resources */ = {
			isa = PBXGroup;
			children = (
				150 /* Assets.xcassets */,
			);
			path = Resources;
			sourceTree = "<group>";
		};
		820 /* Player */ = {
			isa = PBXGroup;
			children = (
				120 /* PlayersListView.swift */,
				121 /* PlayerFormView.swift */,
				122 /* PlayerDetailView.swift */,
			);
			path = Player;
			sourceTree = "<group>";
		};
		821 /* Course */ = {
			isa = PBXGroup;
			children = (
				123 /* CoursesListView.swift */,
				124 /* CourseFormView.swift */,
				125 /* CourseDetailView.swift */,
				126 /* TeeSetFormView.swift */,
				127 /* TeeSetDetailView.swift */,
			);
			path = Course;
			sourceTree = "<group>";
		};
		822 /* Trip */ = {
			isa = PBXGroup;
			children = (
				128 /* TripTabView.swift */,
				129 /* TripFormView.swift */,
				130 /* ScheduleDayDetailView.swift */,
				131 /* ScheduleDayFormView.swift */,
				132 /* ScheduleItemFormView.swift */,
				133 /* ScheduleItemDetailView.swift */,
			);
			path = Trip;
			sourceTree = "<group>";
		};
		823 /* Teams */ = {
			isa = PBXGroup;
			children = (
				134 /* TeamsListView.swift */,
				135 /* TeamFormView.swift */,
				136 /* TeamDetailView.swift */,
			);
			path = Teams;
			sourceTree = "<group>";
		};
		824 /* Scoring */ = {
			isa = PBXGroup;
			children = (
				137 /* ScoringTabView.swift */,
				138 /* ScorecardSetupView.swift */,
				139 /* ScoreEntryView.swift */,
				140 /* ScorecardSummaryView.swift */,
				141 /* ScorecardResultsView.swift */,
				142 /* LeaderboardView.swift */,
			);
			path = Scoring;
			sourceTree = "<group>";
		};
		825 /* Settings */ = {
			isa = PBXGroup;
			children = (
				143 /* SettingsView.swift */,
			);
			path = Settings;
			sourceTree = "<group>";
		};
		826 /* Components */ = {
			isa = PBXGroup;
			children = (
			);
			path = Components;
			sourceTree = "<group>";
		};
/* End PBXGroup section */

/* Begin PBXNativeTarget section */
		400 /* GolfTripApp */ = {
			isa = PBXNativeTarget;
			buildConfigurationList = 900;
			buildPhases = (
				700 /* Frameworks */,
				402 /* Sources */,
				403 /* Resources */,
			);
			buildRules = (
			);
			dependencies = (
			);
			name = GolfTripApp;
			productName = GolfTripApp;
			productReference = 401 /* GolfTripApp.app */;
			productType = "com.apple.product-type.application";
		};
		500 /* GolfTripAppTests */ = {
			isa = PBXNativeTarget;
			buildConfigurationList = 901;
			buildPhases = (
				701 /* Frameworks */,
				502 /* Sources */,
			);
			buildRules = (
			);
			dependencies = (
				201 /* PBXTargetDependency */,
			);
			name = GolfTripAppTests;
			productName = GolfTripAppTests;
			productReference = 501 /* GolfTripAppTests.xctest */;
			productType = "com.apple.product-type.bundle.unit-test";
		};
/* End PBXNativeTarget section */

/* Begin PBXProject section */
		300 /* Project object */ = {
			isa = PBXProject;
			attributes = {
				BuildIndependentTargetsInParallel = 1;
				LastSwiftUpdateCheck = 1500;
				LastUpgradeCheck = 1500;
				TargetAttributes = {
					400 = {
						CreatedOnToolsVersion = 15.0;
					};
					500 = {
						CreatedOnToolsVersion = 15.0;
						TestTargetID = 400;
					};
				};
			};
			buildConfigurationList = 301;
			compatibilityVersion = "Xcode 14.0";
			developmentRegion = en;
			hasScannedForEncodings = 0;
			knownRegions = (
				en,
				Base,
			);
			mainGroup = 800;
			productRefGroup = 803 /* Products */;
			projectDirPath = "";
			projectRoot = "";
			targets = (
				400 /* GolfTripApp */,
				500 /* GolfTripAppTests */,
			);
		};
/* End PBXProject section */

/* Begin PBXResourcesBuildPhase section */
		403 /* Resources */ = {
			isa = PBXResourcesBuildPhase;
			buildActionMask = 2147483647;
			files = (
				050 /* Assets.xcassets in Resources */,
			);
			runOnlyForDeploymentPostprocessing = 0;
		};
/* End PBXResourcesBuildPhase section */

/* Begin PBXSourcesBuildPhase section */
		402 /* Sources */ = {
			isa = PBXSourcesBuildPhase;
			buildActionMask = 2147483647;
			files = (
				001 /* GolfTripApp.swift in Sources */,
				002 /* ContentView.swift in Sources */,
				003 /* Player.swift in Sources */,
				004 /* Course.swift in Sources */,
				005 /* TeeSet.swift in Sources */,
				006 /* Trip.swift in Sources */,
				007 /* ScheduleDay.swift in Sources */,
				008 /* ScheduleItem.swift in Sources */,
				009 /* Team.swift in Sources */,
				010 /* TeamMember.swift in Sources */,
				011 /* Group.swift in Sources */,
				012 /* GroupPlayer.swift in Sources */,
				013 /* Format.swift in Sources */,
				014 /* Scorecard.swift in Sources */,
				015 /* HoleScore.swift in Sources */,
				016 /* TeamScore.swift in Sources */,
				017 /* HandicapCalculator.swift in Sources */,
				018 /* SeedDataService.swift in Sources */,
				019 /* Color+Hex.swift in Sources */,
				020 /* PlayersListView.swift in Sources */,
				021 /* PlayerFormView.swift in Sources */,
				022 /* PlayerDetailView.swift in Sources */,
				023 /* CoursesListView.swift in Sources */,
				024 /* CourseFormView.swift in Sources */,
				025 /* CourseDetailView.swift in Sources */,
				026 /* TeeSetFormView.swift in Sources */,
				027 /* TeeSetDetailView.swift in Sources */,
				028 /* TripTabView.swift in Sources */,
				029 /* TripFormView.swift in Sources */,
				030 /* ScheduleDayDetailView.swift in Sources */,
				031 /* ScheduleDayFormView.swift in Sources */,
				032 /* ScheduleItemFormView.swift in Sources */,
				033 /* ScheduleItemDetailView.swift in Sources */,
				034 /* TeamsListView.swift in Sources */,
				035 /* TeamFormView.swift in Sources */,
				036 /* TeamDetailView.swift in Sources */,
				037 /* ScoringTabView.swift in Sources */,
				038 /* ScorecardSetupView.swift in Sources */,
				039 /* ScoreEntryView.swift in Sources */,
				040 /* ScorecardSummaryView.swift in Sources */,
				041 /* ScorecardResultsView.swift in Sources */,
				042 /* LeaderboardView.swift in Sources */,
				043 /* SettingsView.swift in Sources */,
			);
			runOnlyForDeploymentPostprocessing = 0;
		};
		502 /* Sources */ = {
			isa = PBXSourcesBuildPhase;
			buildActionMask = 2147483647;
			files = (
				602 /* HandicapCalculatorTests.swift in Sources */ = {isa = PBXBuildFile; fileRef = 601; },
			);
			runOnlyForDeploymentPostprocessing = 0;
		};
/* End PBXSourcesBuildPhase section */

/* Begin PBXTargetDependency section */
		201 /* PBXTargetDependency */ = {
			isa = PBXTargetDependency;
			target = 400 /* GolfTripApp */;
			targetProxy = 200 /* PBXContainerItemProxy */;
		};
/* End PBXTargetDependency section */

/* Begin XCBuildConfiguration section */
		1000 /* Debug */ = {
			isa = XCBuildConfiguration;
			buildSettings = {
				ALWAYS_SEARCH_USER_PATHS = NO;
				ASSETCATALOG_COMPILER_GENERATE_SWIFT_ASSET_SYMBOL_EXTENSIONS = YES;
				CLANG_ANALYZER_NONNULL = YES;
				CLANG_ANALYZER_NUMBER_OBJECT_CONVERSION = YES_AGGRESSIVE;
				CLANG_CXX_LANGUAGE_STANDARD = "gnu++20";
				CLANG_ENABLE_MODULES = YES;
				CLANG_ENABLE_OBJC_ARC = YES;
				CLANG_ENABLE_OBJC_WEAK = YES;
				CLANG_WARN_BLOCK_CAPTURE_AUTORELEASING = YES;
				CLANG_WARN_BOOL_CONVERSION = YES;
				CLANG_WARN_COMMA = YES;
				CLANG_WARN_CONSTANT_CONVERSION = YES;
				CLANG_WARN_DEPRECATED_OBJC_IMPLEMENTATIONS = YES;
				CLANG_WARN_DIRECT_OBJC_ISA_USAGE = YES_ERROR;
				CLANG_WARN_DOCUMENTATION_COMMENTS = YES;
				CLANG_WARN_EMPTY_BODY = YES;
				CLANG_WARN_ENUM_CONVERSION = YES;
				CLANG_WARN_INFINITE_RECURSION = YES;
				CLANG_WARN_INT_CONVERSION = YES;
				CLANG_WARN_NON_LITERAL_NULL_CONVERSION = YES;
				CLANG_WARN_OBJC_IMPLICIT_RETAIN_SELF = YES;
				CLANG_WARN_OBJC_LITERAL_CONVERSION = YES;
				CLANG_WARN_OBJC_ROOT_CLASS = YES_ERROR;
				CLANG_WARN_QUOTED_INCLUDE_IN_FRAMEWORK_HEADER = YES;
				CLANG_WARN_RANGE_LOOP_ANALYSIS = YES;
				CLANG_WARN_STRICT_PROTOTYPES = YES;
				CLANG_WARN_SUSPICIOUS_MOVE = YES;
				CLANG_WARN_UNGUARDED_AVAILABILITY = YES_AGGRESSIVE;
				CLANG_WARN_UNREACHABLE_CODE = YES;
				CLANG_WARN__DUPLICATE_METHOD_MATCH = YES;
				COPY_PHASE_STRIP = NO;
				DEBUG_INFORMATION_FORMAT = dwarf;
				ENABLE_STRICT_OBJC_MSGSEND = YES;
				ENABLE_TESTABILITY = YES;
				ENABLE_USER_SCRIPT_SANDBOXING = YES;
				GCC_C_LANGUAGE_STANDARD = gnu17;
				GCC_DYNAMIC_NO_PIC = NO;
				GCC_NO_COMMON_BLOCKS = YES;
				GCC_OPTIMIZATION_LEVEL = 0;
				GCC_PREPROCESSOR_DEFINITIONS = (
					"DEBUG=1",
					"$(inherited)",
				);
				GCC_WARN_64_TO_32_BIT_CONVERSION = YES;
				GCC_WARN_ABOUT_RETURN_TYPE = YES_ERROR;
				GCC_WARN_UNDECLARED_SELECTOR = YES;
				GCC_WARN_UNINITIALIZED_AUTOS = YES_AGGRESSIVE;
				GCC_WARN_UNUSED_FUNCTION = YES;
				GCC_WARN_UNUSED_VARIABLE = YES;
				IPHONEOS_DEPLOYMENT_TARGET = 17.0;
				LOCALIZATION_PREFERS_STRING_CATALOGS = YES;
				MTL_ENABLE_DEBUG_INFO = INCLUDE_SOURCE;
				MTL_FAST_MATH = YES;
				ONLY_ACTIVE_ARCH = YES;
				SDKROOT = iphoneos;
				SWIFT_ACTIVE_COMPILATION_CONDITIONS = "DEBUG $(inherited)";
				SWIFT_OPTIMIZATION_LEVEL = "-Onone";
			};
			name = Debug;
		};
		1001 /* Release */ = {
			isa = XCBuildConfiguration;
			buildSettings = {
				ALWAYS_SEARCH_USER_PATHS = NO;
				ASSETCATALOG_COMPILER_GENERATE_SWIFT_ASSET_SYMBOL_EXTENSIONS = YES;
				CLANG_ANALYZER_NONNULL = YES;
				CLANG_ANALYZER_NUMBER_OBJECT_CONVERSION = YES_AGGRESSIVE;
				CLANG_CXX_LANGUAGE_STANDARD = "gnu++20";
				CLANG_ENABLE_MODULES = YES;
				CLANG_ENABLE_OBJC_ARC = YES;
				CLANG_ENABLE_OBJC_WEAK = YES;
				CLANG_WARN_BLOCK_CAPTURE_AUTORELEASING = YES;
				CLANG_WARN_BOOL_CONVERSION = YES;
				CLANG_WARN_COMMA = YES;
				CLANG_WARN_CONSTANT_CONVERSION = YES;
				CLANG_WARN_DEPRECATED_OBJC_IMPLEMENTATIONS = YES;
				CLANG_WARN_DIRECT_OBJC_ISA_USAGE = YES_ERROR;
				CLANG_WARN_DOCUMENTATION_COMMENTS = YES;
				CLANG_WARN_EMPTY_BODY = YES;
				CLANG_WARN_ENUM_CONVERSION = YES;
				CLANG_WARN_INFINITE_RECURSION = YES;
				CLANG_WARN_INT_CONVERSION = YES;
				CLANG_WARN_NON_LITERAL_NULL_CONVERSION = YES;
				CLANG_WARN_OBJC_IMPLICIT_RETAIN_SELF = YES;
				CLANG_WARN_OBJC_LITERAL_CONVERSION = YES;
				CLANG_WARN_OBJC_ROOT_CLASS = YES_ERROR;
				CLANG_WARN_QUOTED_INCLUDE_IN_FRAMEWORK_HEADER = YES;
				CLANG_WARN_RANGE_LOOP_ANALYSIS = YES;
				CLANG_WARN_STRICT_PROTOTYPES = YES;
				CLANG_WARN_SUSPICIOUS_MOVE = YES;
				CLANG_WARN_UNGUARDED_AVAILABILITY = YES_AGGRESSIVE;
				CLANG_WARN_UNREACHABLE_CODE = YES;
				CLANG_WARN__DUPLICATE_METHOD_MATCH = YES;
				COPY_PHASE_STRIP = NO;
				DEBUG_INFORMATION_FORMAT = "dwarf-with-dsym";
				ENABLE_NS_ASSERTIONS = NO;
				ENABLE_STRICT_OBJC_MSGSEND = YES;
				ENABLE_USER_SCRIPT_SANDBOXING = YES;
				GCC_C_LANGUAGE_STANDARD = gnu17;
				GCC_NO_COMMON_BLOCKS = YES;
				GCC_WARN_64_TO_32_BIT_CONVERSION = YES;
				GCC_WARN_ABOUT_RETURN_TYPE = YES_ERROR;
				GCC_WARN_UNDECLARED_SELECTOR = YES;
				GCC_WARN_UNINITIALIZED_AUTOS = YES_AGGRESSIVE;
				GCC_WARN_UNUSED_FUNCTION = YES;
				GCC_WARN_UNUSED_VARIABLE = YES;
				IPHONEOS_DEPLOYMENT_TARGET = 17.0;
				LOCALIZATION_PREFERS_STRING_CATALOGS = YES;
				MTL_ENABLE_DEBUG_INFO = NO;
				MTL_FAST_MATH = YES;
				SDKROOT = iphoneos;
				SWIFT_COMPILATION_MODE = wholemodule;
				VALIDATE_PRODUCT = YES;
			};
			name = Release;
		};
		1002 /* Debug */ = {
			isa = XCBuildConfiguration;
			buildSettings = {
				ASSETCATALOG_COMPILER_APPICON_NAME = AppIcon;
				ASSETCATALOG_COMPILER_GLOBAL_ACCENT_COLOR_NAME = AccentColor;
				CODE_SIGN_STYLE = Automatic;
				CURRENT_PROJECT_VERSION = 1;
				DEVELOPMENT_ASSET_PATHS = "";
				ENABLE_PREVIEWS = YES;
				GENERATE_INFOPLIST_FILE = YES;
				INFOPLIST_KEY_UIApplicationSceneManifest_Generation = YES;
				INFOPLIST_KEY_UIApplicationSupportsIndirectInputEvents = YES;
				INFOPLIST_KEY_UILaunchScreen_Generation = YES;
				INFOPLIST_KEY_UISupportedInterfaceOrientations_iPad = "UIInterfaceOrientationPortrait UIInterfaceOrientationPortraitUpsideDown UIInterfaceOrientationLandscapeLeft UIInterfaceOrientationLandscapeRight";
				INFOPLIST_KEY_UISupportedInterfaceOrientations_iPhone = "UIInterfaceOrientationPortrait UIInterfaceOrientationLandscapeLeft UIInterfaceOrientationLandscapeRight";
				LD_RUNPATH_SEARCH_PATHS = (
					"$(inherited)",
					"@executable_path/Frameworks",
				);
				MARKETING_VERSION = 1.0;
				PRODUCT_BUNDLE_IDENTIFIER = com.golftripapp.GolfTripApp;
				PRODUCT_NAME = "$(TARGET_NAME)";
				SWIFT_EMIT_LOC_STRINGS = YES;
				SWIFT_VERSION = 5.0;
				TARGETED_DEVICE_FAMILY = "1,2";
			};
			name = Debug;
		};
		1003 /* Release */ = {
			isa = XCBuildConfiguration;
			buildSettings = {
				ASSETCATALOG_COMPILER_APPICON_NAME = AppIcon;
				ASSETCATALOG_COMPILER_GLOBAL_ACCENT_COLOR_NAME = AccentColor;
				CODE_SIGN_STYLE = Automatic;
				CURRENT_PROJECT_VERSION = 1;
				DEVELOPMENT_ASSET_PATHS = "";
				ENABLE_PREVIEWS = YES;
				GENERATE_INFOPLIST_FILE = YES;
				INFOPLIST_KEY_UIApplicationSceneManifest_Generation = YES;
				INFOPLIST_KEY_UIApplicationSupportsIndirectInputEvents = YES;
				INFOPLIST_KEY_UILaunchScreen_Generation = YES;
				INFOPLIST_KEY_UISupportedInterfaceOrientations_iPad = "UIInterfaceOrientationPortrait UIInterfaceOrientationPortraitUpsideDown UIInterfaceOrientationLandscapeLeft UIInterfaceOrientationLandscapeRight";
				INFOPLIST_KEY_UISupportedInterfaceOrientations_iPhone = "UIInterfaceOrientationPortrait UIInterfaceOrientationLandscapeLeft UIInterfaceOrientationLandscapeRight";
				LD_RUNPATH_SEARCH_PATHS = (
					"$(inherited)",
					"@executable_path/Frameworks",
				);
				MARKETING_VERSION = 1.0;
				PRODUCT_BUNDLE_IDENTIFIER = com.golftripapp.GolfTripApp;
				PRODUCT_NAME = "$(TARGET_NAME)";
				SWIFT_EMIT_LOC_STRINGS = YES;
				SWIFT_VERSION = 5.0;
				TARGETED_DEVICE_FAMILY = "1,2";
			};
			name = Release;
		};
		1004 /* Debug */ = {
			isa = XCBuildConfiguration;
			buildSettings = {
				ALWAYS_EMBED_SWIFT_STANDARD_LIBRARIES = YES;
				BUNDLE_LOADER = "$(TEST_HOST)";
				CODE_SIGN_STYLE = Automatic;
				CURRENT_PROJECT_VERSION = 1;
				GENERATE_INFOPLIST_FILE = YES;
				IPHONEOS_DEPLOYMENT_TARGET = 17.0;
				MARKETING_VERSION = 1.0;
				PRODUCT_BUNDLE_IDENTIFIER = com.golftripapp.GolfTripAppTests;
				PRODUCT_NAME = "$(TARGET_NAME)";
				SWIFT_EMIT_LOC_STRINGS = NO;
				SWIFT_VERSION = 5.0;
				TARGETED_DEVICE_FAMILY = "1,2";
				TEST_HOST = "$(BUILT_PRODUCTS_DIR)/GolfTripApp.app/$(BUNDLE_EXECUTABLE_FOLDER_PATH)/GolfTripApp";
			};
			name = Debug;
		};
		1005 /* Release */ = {
			isa = XCBuildConfiguration;
			buildSettings = {
				ALWAYS_EMBED_SWIFT_STANDARD_LIBRARIES = YES;
				BUNDLE_LOADER = "$(TEST_HOST)";
				CODE_SIGN_STYLE = Automatic;
				CURRENT_PROJECT_VERSION = 1;
				GENERATE_INFOPLIST_FILE = YES;
				IPHONEOS_DEPLOYMENT_TARGET = 17.0;
				MARKETING_VERSION = 1.0;
				PRODUCT_BUNDLE_IDENTIFIER = com.golftripapp.GolfTripAppTests;
				PRODUCT_NAME = "$(TARGET_NAME)";
				SWIFT_EMIT_LOC_STRINGS = NO;
				SWIFT_VERSION = 5.0;
				TARGETED_DEVICE_FAMILY = "1,2";
				TEST_HOST = "$(BUILT_PRODUCTS_DIR)/GolfTripApp.app/$(BUNDLE_EXECUTABLE_FOLDER_PATH)/GolfTripApp";
			};
			name = Release;
		};
/* End XCBuildConfiguration section */

/* Begin XCConfigurationList section */
		301 /* Build configuration list for PBXProject "GolfTripApp" */ = {
			isa = XCConfigurationList;
			buildConfigurations = (
				1000 /* Debug */,
				1001 /* Release */,
			);
			defaultConfigurationIsVisible = 0;
			defaultConfigurationName = Release;
		};
		900 /* Build configuration list for PBXNativeTarget "GolfTripApp" */ = {
			isa = XCConfigurationList;
			buildConfigurations = (
				1002 /* Debug */,
				1003 /* Release */,
			);
			defaultConfigurationIsVisible = 0;
			defaultConfigurationName = Release;
		};
		901 /* Build configuration list for PBXNativeTarget "GolfTripAppTests" */ = {
			isa = XCConfigurationList;
			buildConfigurations = (
				1004 /* Debug */,
				1005 /* Release */,
			);
			defaultConfigurationIsVisible = 0;
			defaultConfigurationName = Release;
		};
/* End XCConfigurationList section */
	};
	rootObject = 300 /* Project object */;
}
